// !$*UTF8*$!
{
	archiveVersion = 1;
	classes = {
	};
	objectVersion = 46;
	objects = {

/* Begin PBXBuildFile section */
		2B091E4B1E8C93FA005C74F0 /* main.m in Sources */ = {isa = PBXBuildFile; fileRef = 2B091E4A1E8C93FA005C74F0 /* main.m */; };
		2B091E4E1E8C93FA005C74F0 /* AppDelegate.m in Sources */ = {isa = PBXBuildFile; fileRef = 2B091E4D1E8C93FA005C74F0 /* AppDelegate.m */; };
		2B091E541E8C93FA005C74F0 /* Main.storyboard in Resources */ = {isa = PBXBuildFile; fileRef = 2B091E521E8C93FA005C74F0 /* Main.storyboard */; };
		2B091E591E8C93FA005C74F0 /* Assets.xcassets in Resources */ = {isa = PBXBuildFile; fileRef = 2B091E581E8C93FA005C74F0 /* Assets.xcassets */; };
		2B091E5C1E8C93FA005C74F0 /* LaunchScreen.storyboard in Resources */ = {isa = PBXBuildFile; fileRef = 2B091E5A1E8C93FA005C74F0 /* LaunchScreen.storyboard */; };
		2B091E651E8C95B9005C74F0 /* Fashion.m in Sources */ = {isa = PBXBuildFile; fileRef = 2B091E641E8C95B9005C74F0 /* Fashion.m */; };
		2B091E6A1E8CA9AE005C74F0 /* Sandbox.m in Sources */ = {isa = PBXBuildFile; fileRef = 2B091E691E8CA9AE005C74F0 /* Sandbox.m */; };
		2B091EDA1E8CE8FA005C74F0 /* FashionData.m in Sources */ = {isa = PBXBuildFile; fileRef = 2B091ED91E8CE8FA005C74F0 /* FashionData.m */; };
		2B63A9411EE7D3640050A148 /* FashionCardViewController.m in Sources */ = {isa = PBXBuildFile; fileRef = 2B63A9401EE7D3640050A148 /* FashionCardViewController.m */; };
		2B6513151EF8C975007AED6A /* launch.png in Resources */ = {isa = PBXBuildFile; fileRef = 2B6513141EF8C975007AED6A /* launch.png */; };
		2B65131E1EF90139007AED6A /* MBProgressHUD+Extension.m in Sources */ = {isa = PBXBuildFile; fileRef = 2B65131D1EF90139007AED6A /* MBProgressHUD+Extension.m */; };
		2B6D82C61EE797A90055C130 /* FashionConfig.m in Sources */ = {isa = PBXBuildFile; fileRef = 2B6D82C51EE797A90055C130 /* FashionConfig.m */; };
		2B6D82CB1EE79E750055C130 /* FashionInsertViewController.m in Sources */ = {isa = PBXBuildFile; fileRef = 2B6D82CA1EE79E750055C130 /* FashionInsertViewController.m */; };
		2B853EBC1EE4F4020082C1FF /* PropertyCollectionView.m in Sources */ = {isa = PBXBuildFile; fileRef = 2B853EBB1EE4F4020082C1FF /* PropertyCollectionView.m */; };
		2B853EBF1EE4F9610082C1FF /* FashionQueryViewController.m in Sources */ = {isa = PBXBuildFile; fileRef = 2B853EBE1EE4F9610082C1FF /* FashionQueryViewController.m */; };
		2B9B67DF1F30304200687CB2 /* fashions_female.plist in Resources */ = {isa = PBXBuildFile; fileRef = 2B9B67DD1F30304200687CB2 /* fashions_female.plist */; };
		2B9B67E01F30304200687CB2 /* fashions_male.plist in Resources */ = {isa = PBXBuildFile; fileRef = 2B9B67DE1F30304200687CB2 /* fashions_male.plist */; };
		2BE2D3711E971829007D746D /* FashionTableView.m in Sources */ = {isa = PBXBuildFile; fileRef = 2BE2D3701E971829007D746D /* FashionTableView.m */; };
		784B25784019A58E82389E63 /* libPods-FashionFinder.a in Frameworks */ = {isa = PBXBuildFile; fileRef = 52C76AF23B6A57156ADD118E /* libPods-FashionFinder.a */; };
/* End PBXBuildFile section */

/* Begin PBXFileReference section */
		2B091E461E8C93FA005C74F0 /* FashionFinder.app */ = {isa = PBXFileReference; explicitFileType = wrapper.application; includeInIndex = 0; path = FashionFinder.app; sourceTree = BUILT_PRODUCTS_DIR; };
		2B091E4A1E8C93FA005C74F0 /* main.m */ = {isa = PBXFileReference; lastKnownFileType = sourcecode.c.objc; path = main.m; sourceTree = "<group>"; };
		2B091E4C1E8C93FA005C74F0 /* AppDelegate.h */ = {isa = PBXFileReference; lastKnownFileType = sourcecode.c.h; path = AppDelegate.h; sourceTree = "<group>"; };
		2B091E4D1E8C93FA005C74F0 /* AppDelegate.m */ = {isa = PBXFileReference; lastKnownFileType = sourcecode.c.objc; path = AppDelegate.m; sourceTree = "<group>"; };
		2B091E531E8C93FA005C74F0 /* Base */ = {isa = PBXFileReference; lastKnownFileType = file.storyboard; name = Base; path = Base.lproj/Main.storyboard; sourceTree = "<group>"; };
		2B091E581E8C93FA005C74F0 /* Assets.xcassets */ = {isa = PBXFileReference; lastKnownFileType = folder.assetcatalog; path = Assets.xcassets; sourceTree = "<group>"; };
		2B091E5B1E8C93FA005C74F0 /* Base */ = {isa = PBXFileReference; lastKnownFileType = file.storyboard; name = Base; path = Base.lproj/LaunchScreen.storyboard; sourceTree = "<group>"; };
		2B091E5D1E8C93FA005C74F0 /* Info.plist */ = {isa = PBXFileReference; lastKnownFileType = text.plist.xml; path = Info.plist; sourceTree = "<group>"; };
		2B091E631E8C95B9005C74F0 /* Fashion.h */ = {isa = PBXFileReference; fileEncoding = 4; lastKnownFileType = sourcecode.c.h; path = Fashion.h; sourceTree = "<group>"; };
		2B091E641E8C95B9005C74F0 /* Fashion.m */ = {isa = PBXFileReference; fileEncoding = 4; lastKnownFileType = sourcecode.c.objc; path = Fashion.m; sourceTree = "<group>"; };
		2B091E681E8CA9AE005C74F0 /* Sandbox.h */ = {isa = PBXFileReference; fileEncoding = 4; lastKnownFileType = sourcecode.c.h; path = Sandbox.h; sourceTree = "<group>"; };
		2B091E691E8CA9AE005C74F0 /* Sandbox.m */ = {isa = PBXFileReference; fileEncoding = 4; lastKnownFileType = sourcecode.c.objc; path = Sandbox.m; sourceTree = "<group>"; };
		2B091ED81E8CE8FA005C74F0 /* FashionData.h */ = {isa = PBXFileReference; fileEncoding = 4; lastKnownFileType = sourcecode.c.h; path = FashionData.h; sourceTree = "<group>"; };
		2B091ED91E8CE8FA005C74F0 /* FashionData.m */ = {isa = PBXFileReference; fileEncoding = 4; lastKnownFileType = sourcecode.c.objc; path = FashionData.m; sourceTree = "<group>"; };
		2B091EDB1E8CF86A005C74F0 /* zh-Hans */ = {isa = PBXFileReference; lastKnownFileType = text.plist.strings; name = "zh-Hans"; path = "zh-Hans.lproj/Main.strings"; sourceTree = "<group>"; };
		2B091EDC1E8CF86A005C74F0 /* zh-Hans */ = {isa = PBXFileReference; lastKnownFileType = text.plist.strings; name = "zh-Hans"; path = "zh-Hans.lproj/LaunchScreen.strings"; sourceTree = "<group>"; };
		2B63A93F1EE7D3640050A148 /* FashionCardViewController.h */ = {isa = PBXFileReference; fileEncoding = 4; lastKnownFileType = sourcecode.c.h; path = FashionCardViewController.h; sourceTree = "<group>"; };
		2B63A9401EE7D3640050A148 /* FashionCardViewController.m */ = {isa = PBXFileReference; fileEncoding = 4; lastKnownFileType = sourcecode.c.objc; path = FashionCardViewController.m; sourceTree = "<group>"; };
		2B6513141EF8C975007AED6A /* launch.png */ = {isa = PBXFileReference; lastKnownFileType = image.png; path = launch.png; sourceTree = "<group>"; };
		2B65131C1EF90139007AED6A /* MBProgressHUD+Extension.h */ = {isa = PBXFileReference; fileEncoding = 4; lastKnownFileType = sourcecode.c.h; path = "MBProgressHUD+Extension.h"; sourceTree = "<group>"; };
		2B65131D1EF90139007AED6A /* MBProgressHUD+Extension.m */ = {isa = PBXFileReference; fileEncoding = 4; lastKnownFileType = sourcecode.c.objc; path = "MBProgressHUD+Extension.m"; sourceTree = "<group>"; };
		2B6D82C41EE797A90055C130 /* FashionConfig.h */ = {isa = PBXFileReference; fileEncoding = 4; lastKnownFileType = sourcecode.c.h; path = FashionConfig.h; sourceTree = "<group>"; };
		2B6D82C51EE797A90055C130 /* FashionConfig.m */ = {isa = PBXFileReference; fileEncoding = 4; lastKnownFileType = sourcecode.c.objc; path = FashionConfig.m; sourceTree = "<group>"; };
		2B6D82C91EE79E750055C130 /* FashionInsertViewController.h */ = {isa = PBXFileReference; fileEncoding = 4; lastKnownFileType = sourcecode.c.h; path = FashionInsertViewController.h; sourceTree = "<group>"; };
		2B6D82CA1EE79E750055C130 /* FashionInsertViewController.m */ = {isa = PBXFileReference; fileEncoding = 4; lastKnownFileType = sourcecode.c.objc; path = FashionInsertViewController.m; sourceTree = "<group>"; };
		2B853EBA1EE4F4020082C1FF /* PropertyCollectionView.h */ = {isa = PBXFileReference; fileEncoding = 4; lastKnownFileType = sourcecode.c.h; path = PropertyCollectionView.h; sourceTree = "<group>"; };
		2B853EBB1EE4F4020082C1FF /* PropertyCollectionView.m */ = {isa = PBXFileReference; fileEncoding = 4; lastKnownFileType = sourcecode.c.objc; path = PropertyCollectionView.m; sourceTree = "<group>"; };
		2B853EBD1EE4F9610082C1FF /* FashionQueryViewController.h */ = {isa = PBXFileReference; fileEncoding = 4; lastKnownFileType = sourcecode.c.h; path = FashionQueryViewController.h; sourceTree = "<group>"; };
		2B853EBE1EE4F9610082C1FF /* FashionQueryViewController.m */ = {isa = PBXFileReference; fileEncoding = 4; lastKnownFileType = sourcecode.c.objc; path = FashionQueryViewController.m; sourceTree = "<group>"; };
		2B9B67DD1F30304200687CB2 /* fashions_female.plist */ = {isa = PBXFileReference; lastKnownFileType = file.bplist; path = fashions_female.plist; sourceTree = "<group>"; };
		2B9B67DE1F30304200687CB2 /* fashions_male.plist */ = {isa = PBXFileReference; fileEncoding = 4; lastKnownFileType = text.plist.xml; path = fashions_male.plist; sourceTree = "<group>"; };
		2BE2D36F1E971829007D746D /* FashionTableView.h */ = {isa = PBXFileReference; fileEncoding = 4; lastKnownFileType = sourcecode.c.h; path = FashionTableView.h; sourceTree = "<group>"; };
		2BE2D3701E971829007D746D /* FashionTableView.m */ = {isa = PBXFileReference; fileEncoding = 4; lastKnownFileType = sourcecode.c.objc; path = FashionTableView.m; sourceTree = "<group>"; };
		52C76AF23B6A57156ADD118E /* libPods-FashionFinder.a */ = {isa = PBXFileReference; explicitFileType = archive.ar; includeInIndex = 0; path = "libPods-FashionFinder.a"; sourceTree = BUILT_PRODUCTS_DIR; };
		E7410AC14A08A3AD1C34D335 /* Pods-FashionFinder.debug.xcconfig */ = {isa = PBXFileReference; includeInIndex = 1; lastKnownFileType = text.xcconfig; name = "Pods-FashionFinder.debug.xcconfig"; path = "Pods/Target Support Files/Pods-FashionFinder/Pods-FashionFinder.debug.xcconfig"; sourceTree = "<group>"; };
		FE59BA6D5599B20324FD499C /* Pods-FashionFinder.release.xcconfig */ = {isa = PBXFileReference; includeInIndex = 1; lastKnownFileType = text.xcconfig; name = "Pods-FashionFinder.release.xcconfig"; path = "Pods/Target Support Files/Pods-FashionFinder/Pods-FashionFinder.release.xcconfig"; sourceTree = "<group>"; };
/* End PBXFileReference section */

/* Begin PBXFrameworksBuildPhase section */
		2B091E431E8C93FA005C74F0 /* Frameworks */ = {
			isa = PBXFrameworksBuildPhase;
			buildActionMask = 2147483647;
			files = (
				784B25784019A58E82389E63 /* libPods-FashionFinder.a in Frameworks */,
			);
			runOnlyForDeploymentPostprocessing = 0;
		};
/* End PBXFrameworksBuildPhase section */

/* Begin PBXGroup section */
		169B790C8A3036A19E354CBA /* Pods */ = {
			isa = PBXGroup;
			children = (
				E7410AC14A08A3AD1C34D335 /* Pods-FashionFinder.debug.xcconfig */,
				FE59BA6D5599B20324FD499C /* Pods-FashionFinder.release.xcconfig */,
			);
			name = Pods;
			sourceTree = "<group>";
		};
		2B091E3D1E8C93FA005C74F0 = {
			isa = PBXGroup;
			children = (
				2B091E481E8C93FA005C74F0 /* FashionFinder */,
				2B091E471E8C93FA005C74F0 /* Products */,
				169B790C8A3036A19E354CBA /* Pods */,
				4D40E4343FD3F3F11FB94071 /* Frameworks */,
			);
			sourceTree = "<group>";
		};
		2B091E471E8C93FA005C74F0 /* Products */ = {
			isa = PBXGroup;
			children = (
				2B091E461E8C93FA005C74F0 /* FashionFinder.app */,
			);
			name = Products;
			sourceTree = "<group>";
		};
		2B091E481E8C93FA005C74F0 /* FashionFinder */ = {
			isa = PBXGroup;
			children = (
				2B091E4C1E8C93FA005C74F0 /* AppDelegate.h */,
				2B091E4D1E8C93FA005C74F0 /* AppDelegate.m */,
				2B853EBD1EE4F9610082C1FF /* FashionQueryViewController.h */,
				2B853EBE1EE4F9610082C1FF /* FashionQueryViewController.m */,
				2B6D82C91EE79E750055C130 /* FashionInsertViewController.h */,
				2B6D82CA1EE79E750055C130 /* FashionInsertViewController.m */,
				2B853EBA1EE4F4020082C1FF /* PropertyCollectionView.h */,
				2B853EBB1EE4F4020082C1FF /* PropertyCollectionView.m */,
				2BE2D36F1E971829007D746D /* FashionTableView.h */,
				2BE2D3701E971829007D746D /* FashionTableView.m */,
				2B63A93F1EE7D3640050A148 /* FashionCardViewController.h */,
				2B63A9401EE7D3640050A148 /* FashionCardViewController.m */,
				2B6D82C41EE797A90055C130 /* FashionConfig.h */,
				2B6D82C51EE797A90055C130 /* FashionConfig.m */,
				2B091E631E8C95B9005C74F0 /* Fashion.h */,
				2B091E641E8C95B9005C74F0 /* Fashion.m */,
				2B091ED81E8CE8FA005C74F0 /* FashionData.h */,
				2B091ED91E8CE8FA005C74F0 /* FashionData.m */,
				2B091E681E8CA9AE005C74F0 /* Sandbox.h */,
				2B091E691E8CA9AE005C74F0 /* Sandbox.m */,
				2B65131C1EF90139007AED6A /* MBProgressHUD+Extension.h */,
				2B65131D1EF90139007AED6A /* MBProgressHUD+Extension.m */,
				2B091E521E8C93FA005C74F0 /* Main.storyboard */,
				2B091E581E8C93FA005C74F0 /* Assets.xcassets */,
				2B6513141EF8C975007AED6A /* launch.png */,
				2B091E5A1E8C93FA005C74F0 /* LaunchScreen.storyboard */,
				2B9B67DD1F30304200687CB2 /* fashions_female.plist */,
				2B9B67DE1F30304200687CB2 /* fashions_male.plist */,
				2B091E5D1E8C93FA005C74F0 /* Info.plist */,
				2B091E491E8C93FA005C74F0 /* Supporting Files */,
			);
			path = FashionFinder;
			sourceTree = "<group>";
		};
		2B091E491E8C93FA005C74F0 /* Supporting Files */ = {
			isa = PBXGroup;
			children = (
				2B091E4A1E8C93FA005C74F0 /* main.m */,
			);
			name = "Supporting Files";
			sourceTree = "<group>";
		};
		4D40E4343FD3F3F11FB94071 /* Frameworks */ = {
			isa = PBXGroup;
			children = (
				52C76AF23B6A57156ADD118E /* libPods-FashionFinder.a */,
			);
			name = Frameworks;
			sourceTree = "<group>";
		};
/* End PBXGroup section */

/* Begin PBXNativeTarget section */
		2B091E451E8C93FA005C74F0 /* FashionFinder */ = {
			isa = PBXNativeTarget;
			buildConfigurationList = 2B091E601E8C93FA005C74F0 /* Build configuration list for PBXNativeTarget "FashionFinder" */;
			buildPhases = (
				58CF912F4AC2BC0848E4C785 /* [CP] Check Pods Manifest.lock */,
				2B091E421E8C93FA005C74F0 /* Sources */,
				2B091E431E8C93FA005C74F0 /* Frameworks */,
				2B091E441E8C93FA005C74F0 /* Resources */,
				9F99A01CC5EB75FDB7948D30 /* [CP] Embed Pods Frameworks */,
				4CF34EB08A130818A836E620 /* [CP] Copy Pods Resources */,
			);
			buildRules = (
			);
			dependencies = (
			);
			name = FashionFinder;
			productName = FashionFinder;
			productReference = 2B091E461E8C93FA005C74F0 /* FashionFinder.app */;
			productType = "com.apple.product-type.application";
		};
/* End PBXNativeTarget section */

/* Begin PBXProject section */
		2B091E3E1E8C93FA005C74F0 /* Project object */ = {
			isa = PBXProject;
			attributes = {
				LastUpgradeCheck = 0820;
				ORGANIZATIONNAME = eastedu;
				TargetAttributes = {
					2B091E451E8C93FA005C74F0 = {
						CreatedOnToolsVersion = 8.2;
						DevelopmentTeam = RUHEZP9NQR;
						ProvisioningStyle = Automatic;
					};
				};
			};
			buildConfigurationList = 2B091E411E8C93FA005C74F0 /* Build configuration list for PBXProject "FashionFinder" */;
			compatibilityVersion = "Xcode 3.2";
			developmentRegion = English;
			hasScannedForEncodings = 0;
			knownRegions = (
				Base,
			);
			mainGroup = 2B091E3D1E8C93FA005C74F0;
			productRefGroup = 2B091E471E8C93FA005C74F0 /* Products */;
			projectDirPath = "";
			projectRoot = "";
			targets = (
				2B091E451E8C93FA005C74F0 /* FashionFinder */,
			);
		};
/* End PBXProject section */

/* Begin PBXResourcesBuildPhase section */
		2B091E441E8C93FA005C74F0 /* Resources */ = {
			isa = PBXResourcesBuildPhase;
			buildActionMask = 2147483647;
			files = (
				2B6513151EF8C975007AED6A /* launch.png in Resources */,
				2B091E5C1E8C93FA005C74F0 /* LaunchScreen.storyboard in Resources */,
				2B9B67DF1F30304200687CB2 /* fashions_female.plist in Resources */,
				2B091E591E8C93FA005C74F0 /* Assets.xcassets in Resources */,
				2B9B67E01F30304200687CB2 /* fashions_male.plist in Resources */,
				2B091E541E8C93FA005C74F0 /* Main.storyboard in Resources */,
			);
			runOnlyForDeploymentPostprocessing = 0;
		};
/* End PBXResourcesBuildPhase section */

/* Begin PBXShellScriptBuildPhase section */
		4CF34EB08A130818A836E620 /* [CP] Copy Pods Resources */ = {
			isa = PBXShellScriptBuildPhase;
			buildActionMask = 2147483647;
			files = (
			);
			inputPaths = (
			);
			name = "[CP] Copy Pods Resources";
			outputPaths = (
			);
			runOnlyForDeploymentPostprocessing = 0;
			shellPath = /bin/sh;
			shellScript = "\"${SRCROOT}/Pods/Target Support Files/Pods-FashionFinder/Pods-FashionFinder-resources.sh\"\n";
			showEnvVarsInLog = 0;
		};
		58CF912F4AC2BC0848E4C785 /* [CP] Check Pods Manifest.lock */ = {
			isa = PBXShellScriptBuildPhase;
			buildActionMask = 2147483647;
			files = (
			);
			inputPaths = (
			);
			name = "[CP] Check Pods Manifest.lock";
			outputPaths = (
			);
			runOnlyForDeploymentPostprocessing = 0;
			shellPath = /bin/sh;
			shellScript = "diff \"${PODS_PODFILE_DIR_PATH}/Podfile.lock\" \"${PODS_ROOT}/Manifest.lock\" > /dev/null\nif [ $? != 0 ] ; then\n    # print error to STDERR\n    echo \"error: The sandbox is not in sync with the Podfile.lock. Run 'pod install' or update your CocoaPods installation.\" >&2\n    exit 1\nfi\n";
			showEnvVarsInLog = 0;
		};
		9F99A01CC5EB75FDB7948D30 /* [CP] Embed Pods Frameworks */ = {
			isa = PBXShellScriptBuildPhase;
			buildActionMask = 2147483647;
			files = (
			);
			inputPaths = (
			);
			name = "[CP] Embed Pods Frameworks";
			outputPaths = (
			);
			runOnlyForDeploymentPostprocessing = 0;
			shellPath = /bin/sh;
			shellScript = "\"${SRCROOT}/Pods/Target Support Files/Pods-FashionFinder/Pods-FashionFinder-frameworks.sh\"\n";
			showEnvVarsInLog = 0;
		};
/* End PBXShellScriptBuildPhase section */

/* Begin PBXSourcesBuildPhase section */
		2B091E421E8C93FA005C74F0 /* Sources */ = {
			isa = PBXSourcesBuildPhase;
			buildActionMask = 2147483647;
			files = (
				2B65131E1EF90139007AED6A /* MBProgressHUD+Extension.m in Sources */,
				2BE2D3711E971829007D746D /* FashionTableView.m in Sources */,
				2B853EBF1EE4F9610082C1FF /* FashionQueryViewController.m in Sources */,
				2B091E4E1E8C93FA005C74F0 /* AppDelegate.m in Sources */,
				2B6D82C61EE797A90055C130 /* FashionConfig.m in Sources */,
				2B853EBC1EE4F4020082C1FF /* PropertyCollectionView.m in Sources */,
				2B091E6A1E8CA9AE005C74F0 /* Sandbox.m in Sources */,
				2B63A9411EE7D3640050A148 /* FashionCardViewController.m in Sources */,
				2B091E651E8C95B9005C74F0 /* Fashion.m in Sources */,
				2B6D82CB1EE79E750055C130 /* FashionInsertViewController.m in Sources */,
				2B091EDA1E8CE8FA005C74F0 /* FashionData.m in Sources */,
				2B091E4B1E8C93FA005C74F0 /* main.m in Sources */,
			);
			runOnlyForDeploymentPostprocessing = 0;
		};
/* End PBXSourcesBuildPhase section */

/* Begin PBXVariantGroup section */
		2B091E521E8C93FA005C74F0 /* Main.storyboard */ = {
			isa = PBXVariantGroup;
			children = (
				2B091E531E8C93FA005C74F0 /* Base */,
				2B091EDB1E8CF86A005C74F0 /* zh-Hans */,
			);
			name = Main.storyboard;
			sourceTree = "<group>";
		};
		2B091E5A1E8C93FA005C74F0 /* LaunchScreen.storyboard */ = {
			isa = PBXVariantGroup;
			children = (
				2B091E5B1E8C93FA005C74F0 /* Base */,
				2B091EDC1E8CF86A005C74F0 /* zh-Hans */,
			);
			name = LaunchScreen.storyboard;
			sourceTree = "<group>";
		};
/* End PBXVariantGroup section */

/* Begin XCBuildConfiguration section */
		2B091E5E1E8C93FA005C74F0 /* Debug */ = {
			isa = XCBuildConfiguration;
			buildSettings = {
				ALWAYS_SEARCH_USER_PATHS = NO;
				CLANG_ANALYZER_LOCALIZABILITY_NONLOCALIZED = YES;
				CLANG_ANALYZER_NONNULL = YES;
				CLANG_CXX_LANGUAGE_STANDARD = "gnu++0x";
				CLANG_CXX_LIBRARY = "libc++";
				CLANG_ENABLE_MODULES = YES;
				CLANG_ENABLE_OBJC_ARC = YES;
				CLANG_WARN_BOOL_CONVERSION = YES;
				CLANG_WARN_CONSTANT_CONVERSION = YES;
				CLANG_WARN_DIRECT_OBJC_ISA_USAGE = YES_ERROR;
				CLANG_WARN_DOCUMENTATION_COMMENTS = YES;
				CLANG_WARN_EMPTY_BODY = YES;
				CLANG_WARN_ENUM_CONVERSION = YES;
				CLANG_WARN_INFINITE_RECURSION = YES;
				CLANG_WARN_INT_CONVERSION = YES;
				CLANG_WARN_OBJC_ROOT_CLASS = YES_ERROR;
				CLANG_WARN_SUSPICIOUS_MOVE = YES;
				CLANG_WARN_UNREACHABLE_CODE = YES;
				CLANG_WARN__DUPLICATE_METHOD_MATCH = YES;
				"CODE_SIGN_IDENTITY[sdk=iphoneos*]" = "iPhone Developer";
				COPY_PHASE_STRIP = NO;
				DEBUG_INFORMATION_FORMAT = dwarf;
				ENABLE_STRICT_OBJC_MSGSEND = YES;
				ENABLE_TESTABILITY = YES;
				GCC_C_LANGUAGE_STANDARD = gnu99;
				GCC_DYNAMIC_NO_PIC = NO;
				GCC_NO_COMMON_BLOCKS = YES;
				GCC_OPTIMIZATION_LEVEL = 0;
				GCC_PREPROCESSOR_DEFINITIONS = (
					"DEBUG=1",
					"$(inherited)",
				);
				GCC_WARN_64_TO_32_BIT_CONVERSION = YES;
				GCC_WARN_ABOUT_RETURN_TYPE = YES_ERROR;
				GCC_WARN_UNDECLARED_SELECTOR = YES;
				GCC_WARN_UNINITIALIZED_AUTOS = YES_AGGRESSIVE;
				GCC_WARN_UNUSED_FUNCTION = YES;
				GCC_WARN_UNUSED_VARIABLE = YES;
				IPHONEOS_DEPLOYMENT_TARGET = 10.2;
				MTL_ENABLE_DEBUG_INFO = YES;
				ONLY_ACTIVE_ARCH = YES;
				SDKROOT = iphoneos;
				TARGETED_DEVICE_FAMILY = "1,2";
			};
			name = Debug;
		};
		2B091E5F1E8C93FA005C74F0 /* Release */ = {
			isa = XCBuildConfiguration;
			buildSettings = {
				ALWAYS_SEARCH_USER_PATHS = NO;
				CLANG_ANALYZER_LOCALIZABILITY_NONLOCALIZED = YES;
				CLANG_ANALYZER_NONNULL = YES;
				CLANG_CXX_LANGUAGE_STANDARD = "gnu++0x";
				CLANG_CXX_LIBRARY = "libc++";
				CLANG_ENABLE_MODULES = YES;
				CLANG_ENABLE_OBJC_ARC = YES;
				CLANG_WARN_BOOL_CONVERSION = YES;
				CLANG_WARN_CONSTANT_CONVERSION = YES;
				CLANG_WARN_DIRECT_OBJC_ISA_USAGE = YES_ERROR;
				CLANG_WARN_DOCUMENTATION_COMMENTS = YES;
				CLANG_WARN_EMPTY_BODY = YES;
				CLANG_WARN_ENUM_CONVERSION = YES;
				CLANG_WARN_INFINITE_RECURSION = YES;
				CLANG_WARN_INT_CONVERSION = YES;
				CLANG_WARN_OBJC_ROOT_CLASS = YES_ERROR;
				CLANG_WARN_SUSPICIOUS_MOVE = YES;
				CLANG_WARN_UNREACHABLE_CODE = YES;
				CLANG_WARN__DUPLICATE_METHOD_MATCH = YES;
				"CODE_SIGN_IDENTITY[sdk=iphoneos*]" = "iPhone Developer";
				COPY_PHASE_STRIP = NO;
				DEBUG_INFORMATION_FORMAT = "dwarf-with-dsym";
				ENABLE_NS_ASSERTIONS = NO;
				ENABLE_STRICT_OBJC_MSGSEND = YES;
				GCC_C_LANGUAGE_STANDARD = gnu99;
				GCC_NO_COMMON_BLOCKS = YES;
				GCC_WARN_64_TO_32_BIT_CONVERSION = YES;
				GCC_WARN_ABOUT_RETURN_TYPE = YES_ERROR;
				GCC_WARN_UNDECLARED_SELECTOR = YES;
				GCC_WARN_UNINITIALIZED_AUTOS = YES_AGGRESSIVE;
				GCC_WARN_UNUSED_FUNCTION = YES;
				GCC_WARN_UNUSED_VARIABLE = YES;
				IPHONEOS_DEPLOYMENT_TARGET = 10.2;
				MTL_ENABLE_DEBUG_INFO = NO;
				SDKROOT = iphoneos;
				TARGETED_DEVICE_FAMILY = "1,2";
				VALIDATE_PRODUCT = YES;
			};
			name = Release;
		};
		2B091E611E8C93FA005C74F0 /* Debug */ = {
			isa = XCBuildConfiguration;
			baseConfigurationReference = E7410AC14A08A3AD1C34D335 /* Pods-FashionFinder.debug.xcconfig */;
			buildSettings = {
				ASSETCATALOG_COMPILER_APPICON_NAME = AppIcon;
				DEVELOPMENT_TEAM = RUHEZP9NQR;
				INFOPLIST_FILE = FashionFinder/Info.plist;
				IPHONEOS_DEPLOYMENT_TARGET = 8.0;
				LD_RUNPATH_SEARCH_PATHS = "$(inherited) @executable_path/Frameworks";
				PRODUCT_BUNDLE_IDENTIFIER = com.anjohnlv.FashionFinder;
				PRODUCT_NAME = "$(TARGET_NAME)";
			};
			name = Debug;
		};
		2B091E621E8C93FA005C74F0 /* Release */ = {
			isa = XCBuildConfiguration;
			baseConfigurationReference = FE59BA6D5599B20324FD499C /* Pods-FashionFinder.release.xcconfig */;
			buildSettings = {
				ASSETCATALOG_COMPILER_APPICON_NAME = AppIcon;
				DEVELOPMENT_TEAM = RUHEZP9NQR;
				INFOPLIST_FILE = FashionFinder/Info.plist;
				IPHONEOS_DEPLOYMENT_TARGET = 8.0;
				LD_RUNPATH_SEARCH_PATHS = "$(inherited) @executable_path/Frameworks";
				PRODUCT_BUNDLE_IDENTIFIER = com.anjohnlv.FashionFinder;
				PRODUCT_NAME = "$(TARGET_NAME)";
			};
			name = Release;
		};
/* End XCBuildConfiguration section */

/* Begin XCConfigurationList section */
		2B091E411E8C93FA005C74F0 /* Build configuration list for PBXProject "FashionFinder" */ = {
			isa = XCConfigurationList;
			buildConfigurations = (
				2B091E5E1E8C93FA005C74F0 /* Debug */,
				2B091E5F1E8C93FA005C74F0 /* Release */,
			);
			defaultConfigurationIsVisible = 0;
			defaultConfigurationName = Release;
		};
		2B091E601E8C93FA005C74F0 /* Build configuration list for PBXNativeTarget "FashionFinder" */ = {
			isa = XCConfigurationList;
			buildConfigurations = (
				2B091E611E8C93FA005C74F0 /* Debug */,
				2B091E621E8C93FA005C74F0 /* Release */,
			);
			defaultConfigurationIsVisible = 0;
			defaultConfigurationName = Release;
		};
/* End XCConfigurationList section */
	};
	rootObject = 2B091E3E1E8C93FA005C74F0 /* Project object */;
}
